Microsoft Visual Studio Solution File, Format Version 12.00
# Visual Studio Version 17
VisualStudioVersion = 17.5.2.0
MinimumVisualStudioVersion = 10.0.40219.1
Project("{FAE04EC0-301F-11D3-BF4B-00C04F79EFBC}") = "GymManagementAPI", "GymManagementAPI\GymManagementAPI.csproj", "{D506F936-A2B4-392D-45AF-D436FCCDF9E1}"
EndProject
Global
	GlobalSection(SolutionConfigurationPlatforms) = preSolution
		Debug|Any CPU = Debug|Any CPU
		Release|Any CPU = Release|Any CPU
	EndGlobalSection
	GlobalSection(ProjectConfigurationPlatforms) = postSolution
		{D506F936-A2B4-392D-45AF-D436FCCDF9E1}.Debug|Any CPU.ActiveCfg = Debug|Any CPU
		{D506F936-A2B4-392D-45AF-D436FCCDF9E1}.Debug|Any CPU.Build.0 = Debug|Any CPU
		{D506F936-A2B4-392D-45AF-D436FCCDF9E1}.Release|Any CPU.ActiveCfg = Release|Any CPU
		{D506F936-A2B4-392D-45AF-D436FCCDF9E1}.Release|Any CPU.Build.0 = Release|Any CPU
	EndGlobalSection
	GlobalSection(SolutionProperties) = preSolution
		HideSolutionNode = FALSE
	EndGlobalSection
	GlobalSection(ExtensibilityGlobals) = postSolution
		SolutionGuid = {7111EE43-D730-477E-9BE1-679860AB18C7}
	EndGlobalSection
EndGlobal
